
Microsoft Visual Studio Solution File, Format Version 12.00
# Visual Studio Version 16
VisualStudioVersion = 16.0.30621.155
MinimumVisualStudioVersion = 10.0.40219.1
Project("{9A19103F-16F7-4668-BE54-9A1E7A4F7556}") = "GreenDoorV1", "GreenDoorV1.csproj", "{0D515615-3FEA-4F47-9686-F83A3C4A2FB7}"
EndProject
Global
	GlobalSection(SolutionConfigurationPlatforms) = preSolution
		Debug|Any CPU = Debug|Any CPU
		Release|Any CPU = Release|Any CPU
	EndGlobalSection
	GlobalSection(ProjectConfigurationPlatforms) = postSolution
		{0D515615-3FEA-4F47-9686-F83A3C4A2FB7}.Debug|Any CPU.ActiveCfg = Debug|Any CPU
		{0D515615-3FEA-4F47-9686-F83A3C4A2FB7}.Debug|Any CPU.Build.0 = Debug|Any CPU
		{0D515615-3FEA-4F47-9686-F83A3C4A2FB7}.Release|Any CPU.ActiveCfg = Release|Any CPU
		{0D515615-3FEA-4F47-9686-F83A3C4A2FB7}.Release|Any CPU.Build.0 = Release|Any CPU
	EndGlobalSection
	GlobalSection(SolutionProperties) = preSolution
		HideSolutionNode = FALSE
	EndGlobalSection
	GlobalSection(ExtensibilityGlobals) = postSolution
		SolutionGuid = {E45B5448-DC45-4921-BCCE-A942C4DD0F5C}
	EndGlobalSection
EndGlobal
